
Microsoft Visual Studio Solution File, Format Version 12.00
# Visual Studio 15
Project("{FAE04EC0-301F-11D3-BF4B-00C04F79EFBC}") = "NavMeshComponents", "NavMeshComponents.csproj", "{241F40C4-4C42-9A8F-8FA5-7D12DB012156}"
EndProject
Project("{FAE04EC0-301F-11D3-BF4B-00C04F79EFBC}") = "Assembly-CSharp", "Assembly-CSharp.csproj", "{8CC7D255-B3F7-10FF-2B48-C8C8282DE8DB}"
EndProject
Project("{FAE04EC0-301F-11D3-BF4B-00C04F79EFBC}") = "NavMeshComponentsEditor", "NavMeshComponentsEditor.csproj", "{65FB019B-48D1-634C-84C5-0A7A1603838A}"
EndProject
Global
	GlobalSection(SolutionConfigurationPlatforms) = preSolution
		Debug|Any CPU = Debug|Any CPU
		Release|Any CPU = Release|Any CPU
	EndGlobalSection
	GlobalSection(ProjectConfigurationPlatforms) = postSolution
		{241F40C4-4C42-9A8F-8FA5-7D12DB012156}.Debug|Any CPU.ActiveCfg = Debug|Any CPU
		{241F40C4-4C42-9A8F-8FA5-7D12DB012156}.Debug|Any CPU.Build.0 = Debug|Any CPU
		{241F40C4-4C42-9A8F-8FA5-7D12DB012156}.Release|Any CPU.ActiveCfg = Release|Any CPU
		{241F40C4-4C42-9A8F-8FA5-7D12DB012156}.Release|Any CPU.Build.0 = Release|Any CPU
		{8CC7D255-B3F7-10FF-2B48-C8C8282DE8DB}.Debug|Any CPU.ActiveCfg = Debug|Any CPU
		{8CC7D255-B3F7-10FF-2B48-C8C8282DE8DB}.Debug|Any CPU.Build.0 = Debug|Any CPU
		{8CC7D255-B3F7-10FF-2B48-C8C8282DE8DB}.Release|Any CPU.ActiveCfg = Release|Any CPU
		{8CC7D255-B3F7-10FF-2B48-C8C8282DE8DB}.Release|Any CPU.Build.0 = Release|Any CPU
		{65FB019B-48D1-634C-84C5-0A7A1603838A}.Debug|Any CPU.ActiveCfg = Debug|Any CPU
		{65FB019B-48D1-634C-84C5-0A7A1603838A}.Debug|Any CPU.Build.0 = Debug|Any CPU
		{65FB019B-48D1-634C-84C5-0A7A1603838A}.Release|Any CPU.ActiveCfg = Release|Any CPU
		{65FB019B-48D1-634C-84C5-0A7A1603838A}.Release|Any CPU.Build.0 = Release|Any CPU
	EndGlobalSection
	GlobalSection(SolutionProperties) = preSolution
		HideSolutionNode = FALSE
	EndGlobalSection
EndGlobal
